
Microsoft Visual Studio Solution File, Format Version 11.00
# Visual Studio 2010
Project("{8BC9CEB8-8B4A-11D0-8D11-00A0C91BC942}") = "MemoryTypes", "MemoryTypes\MemoryTypes.vcxproj", "{8D0C0C92-DF33-4EE6-AF3B-43B37E47438F}"
EndProject
Global
	GlobalSection(SolutionConfigurationPlatforms) = preSolution
		Debug|Win32 = Debug|Win32
		Release|Win32 = Release|Win32
	EndGlobalSection
	GlobalSection(ProjectConfigurationPlatforms) = postSolution
		{8D0C0C92-DF33-4EE6-AF3B-43B37E47438F}.Debug|Win32.ActiveCfg = Debug|Win32
		{8D0C0C92-DF33-4EE6-AF3B-43B37E47438F}.Debug|Win32.Build.0 = Debug|Win32
		{8D0C0C92-DF33-4EE6-AF3B-43B37E47438F}.Release|Win32.ActiveCfg = Release|Win32
		{8D0C0C92-DF33-4EE6-AF3B-43B37E47438F}.Release|Win32.Build.0 = Release|Win32
	EndGlobalSection
	GlobalSection(SolutionProperties) = preSolution
		HideSolutionNode = FALSE
	EndGlobalSection
EndGlobal
