
Microsoft Visual Studio Solution File, Format Version 11.00
# Visual Studio 2010
Project("{8BC9CEB8-8B4A-11D0-8D11-00A0C91BC942}") = "Histogram", "Histogram\Histogram.vcxproj", "{56DF336B-B064-471D-928F-39E64CD269A9}"
EndProject
Project("{8BC9CEB8-8B4A-11D0-8D11-00A0C91BC942}") = "Voxelization", "Voxelization\Voxelization.vcxproj", "{7EBF1A12-F27B-4FB1-84DA-1836C941AB19}"
EndProject
Global
	GlobalSection(SolutionConfigurationPlatforms) = preSolution
		Debug|Win32 = Debug|Win32
		Release|Win32 = Release|Win32
	EndGlobalSection
	GlobalSection(ProjectConfigurationPlatforms) = postSolution
		{56DF336B-B064-471D-928F-39E64CD269A9}.Debug|Win32.ActiveCfg = Debug|Win32
		{56DF336B-B064-471D-928F-39E64CD269A9}.Debug|Win32.Build.0 = Debug|Win32
		{56DF336B-B064-471D-928F-39E64CD269A9}.Release|Win32.ActiveCfg = Release|Win32
		{56DF336B-B064-471D-928F-39E64CD269A9}.Release|Win32.Build.0 = Release|Win32
		{7EBF1A12-F27B-4FB1-84DA-1836C941AB19}.Debug|Win32.ActiveCfg = Debug|Win32
		{7EBF1A12-F27B-4FB1-84DA-1836C941AB19}.Debug|Win32.Build.0 = Debug|Win32
		{7EBF1A12-F27B-4FB1-84DA-1836C941AB19}.Release|Win32.ActiveCfg = Release|Win32
		{7EBF1A12-F27B-4FB1-84DA-1836C941AB19}.Release|Win32.Build.0 = Release|Win32
	EndGlobalSection
	GlobalSection(SolutionProperties) = preSolution
		HideSolutionNode = FALSE
	EndGlobalSection
EndGlobal
