
Microsoft Visual Studio Solution File, Format Version 11.00
# Visual Studio 2010
Project("{8BC9CEB8-8B4A-11D0-8D11-00A0C91BC942}") = "MaxReduction", "MaxReduction\MaxReduction.vcxproj", "{7A2915BE-C068-449E-A46A-8E69893CD46D}"
EndProject
Project("{8BC9CEB8-8B4A-11D0-8D11-00A0C91BC942}") = "Scan", "Scan\Scan.vcxproj", "{5AF69949-A990-437C-AE31-2C3B20935DAD}"
EndProject
Global
	GlobalSection(SolutionConfigurationPlatforms) = preSolution
		Debug|Win32 = Debug|Win32
		Release|Win32 = Release|Win32
	EndGlobalSection
	GlobalSection(ProjectConfigurationPlatforms) = postSolution
		{7A2915BE-C068-449E-A46A-8E69893CD46D}.Debug|Win32.ActiveCfg = Debug|Win32
		{7A2915BE-C068-449E-A46A-8E69893CD46D}.Debug|Win32.Build.0 = Debug|Win32
		{7A2915BE-C068-449E-A46A-8E69893CD46D}.Release|Win32.ActiveCfg = Release|Win32
		{7A2915BE-C068-449E-A46A-8E69893CD46D}.Release|Win32.Build.0 = Release|Win32
		{5AF69949-A990-437C-AE31-2C3B20935DAD}.Debug|Win32.ActiveCfg = Debug|Win32
		{5AF69949-A990-437C-AE31-2C3B20935DAD}.Debug|Win32.Build.0 = Debug|Win32
		{5AF69949-A990-437C-AE31-2C3B20935DAD}.Release|Win32.ActiveCfg = Release|Win32
		{5AF69949-A990-437C-AE31-2C3B20935DAD}.Release|Win32.Build.0 = Release|Win32
	EndGlobalSection
	GlobalSection(SolutionProperties) = preSolution
		HideSolutionNode = FALSE
	EndGlobalSection
EndGlobal
